{
    "name": "@kayahr/ed-journal",
    "version": "3.7.0",
    "lockfileVersion": 3,
    "requires": true,
    "packages": {
        "": {
            "name": "@kayahr/ed-journal",
            "version": "3.7.0",
            "license": "MIT",
            "devDependencies": {
                "@kayahr/assert": "1.3.2",
                "@kayahr/cspell": "9.2.2-bundle.1",
                "@kayahr/npm-utils": "1.1.1",
                "@kayahr/ntest": "1.2.2",
                "@kayahr/oxlint-config": "1.10.0",
                "@kayahr/ts-json-schema-generator": "2.4.0-bundle.1",
                "@kayahr/typedoc": "0.28.14-bundle.2",
                "@types/node": "24.10.0",
                "ajv": "8.17.1",
                "json-with-bigint": "3.4.4",
                "typescript": "5.9.3"
            },
            "funding": {
                "url": "https://github.com/kayahr/ed-journal?sponsor=1"
            }
        },
        "node_modules/@kayahr/assert": {
            "version": "1.3.2",
            "resolved": "https://registry.npmjs.org/@kayahr/assert/-/assert-1.3.2.tgz",
            "integrity": "sha512-QSHL9y1FejO3c4Vn29UZq7U7KqM5AeN14VshSZxNa7x5de24ET5Lzyps+pkfBJpUPr+APDJugvhvhgYVgzTAVA==",
            "dev": true,
            "license": "MIT",
            "funding": {
                "url": "https://github.com/kayahr/assert?sponsor=1"
            }
        },
        "node_modules/@kayahr/cspell": {
            "version": "9.2.2-bundle.1",
            "resolved": "https://registry.npmjs.org/@kayahr/cspell/-/cspell-9.2.2-bundle.1.tgz",
            "integrity": "sha512-FaM6FegFA2mGnxF+1bXhE12Iy7wLX25jacokka3jqDEwY5deWhJWF/qK7SFu8pMXTewVvhOmRK2xejALQAbgQw==",
            "dev": true,
            "license": "MIT",
            "bin": {
                "cspell": "lib/cspell.js"
            },
            "funding": {
                "url": "https://github.com/kayahr/cspell?sponsor=1"
            }
        },
        "node_modules/@kayahr/npm-utils": {
            "version": "1.1.1",
            "resolved": "https://registry.npmjs.org/@kayahr/npm-utils/-/npm-utils-1.1.1.tgz",
            "integrity": "sha512-7cSe8zhgYsMcolrlmRGpAXO/FkpaIl6fEsdgXKt2OA1ozxByjdPSrjFDMsI3zOaPM0wWulYmlIKhFKVzlW0z4g==",
            "dev": true,
            "license": "MIT",
            "bin": {
                "cp": "lib/main/cp.js",
                "rm": "lib/main/rm.js",
                "run": "lib/main/run.js"
            },
            "engines": {
                "node": ">=22.18.0"
            },
            "funding": {
                "url": "https://github.com/kayahr/npm-utils?sponsor=1"
            }
        },
        "node_modules/@kayahr/ntest": {
            "version": "1.2.2",
            "resolved": "https://registry.npmjs.org/@kayahr/ntest/-/ntest-1.2.2.tgz",
            "integrity": "sha512-IpHHGKLlbhSDFzch2aUYc4UIeYuINtZ7gq9GA9HgZKO0K4EGjsnc8LeT7j0Bbm7chCFHmkr48ZR2hCfXRErLxQ==",
            "dev": true,
            "license": "MIT",
            "bin": {
                "ntest": "lib/main/ntest.js"
            },
            "engines": {
                "node": ">=22.18.0"
            },
            "funding": {
                "url": "https://github.com/kayahr/ntest?sponsor=1"
            }
        },
        "node_modules/@kayahr/oxlint-config": {
            "version": "1.10.0",
            "resolved": "https://registry.npmjs.org/@kayahr/oxlint-config/-/oxlint-config-1.10.0.tgz",
            "integrity": "sha512-eAO2nf/apeWODyw3yzR+kQPI3qBSzT3Kh3SMAaHhBW++pGWNHhJEr2lypkyDgY1NaL50AYOVHQUs7J3udc+Spg==",
            "dev": true,
            "license": "MIT",
            "dependencies": {
                "oxlint": "^1.25.0",
                "oxlint-tsgolint": "^0.4.0"
            },
            "funding": {
                "url": "https://github.com/kayahr/oxlint-config?sponsor=1"
            }
        },
        "node_modules/@kayahr/ts-json-schema-generator": {
            "version": "2.4.0-bundle.1",
            "resolved": "https://registry.npmjs.org/@kayahr/ts-json-schema-generator/-/ts-json-schema-generator-2.4.0-bundle.1.tgz",
            "integrity": "sha512-6UjHTz7YQ3MBEwnMS8mGXaP3kKylLVhrPTNdTSetM4gzN6Y++c2aKajT7aKzz9NsSrCQp5OIcy49++/2SGl3+A==",
            "dev": true,
            "license": "MIT",
            "dependencies": {
                "typescript": "^5.9.3"
            },
            "bin": {
                "ts-json-schema-generator": "lib/ts-json-schema-generator.mjs"
            },
            "funding": {
                "url": "https://github.com/kayahr/ts-json-schema-generator?sponsor=1"
            }
        },
        "node_modules/@kayahr/typedoc": {
            "version": "0.28.14-bundle.2",
            "resolved": "https://registry.npmjs.org/@kayahr/typedoc/-/typedoc-0.28.14-bundle.2.tgz",
            "integrity": "sha512-ASInMQhpzksEY9e7SS8qeCTGkIzfXtsTkZSouyAdQ6r0L7gJKQIlVj4ximgrGGRA3F4WE710METoIZRybhRKuA==",
            "dev": true,
            "license": "MIT",
            "bin": {
                "typedoc": "lib/bin/cli.js"
            },
            "funding": {
                "url": "https://github.com/kayahr/typedoc?sponsor=1"
            }
        },
        "node_modules/@oxlint-tsgolint/darwin-arm64": {
            "version": "0.4.0",
            "resolved": "https://registry.npmjs.org/@oxlint-tsgolint/darwin-arm64/-/darwin-arm64-0.4.0.tgz",
            "integrity": "sha512-2jNvhxs6JJy93Z4SQ/VErODBzZtFKxQ+sybcKYcw5/K41tXOiBbJSwBMZ2PPvivCVkVcyOkJvfs5UXWW7o79uw==",
            "cpu": [
                "arm64"
            ],
            "dev": true,
            "license": "MIT",
            "optional": true,
            "os": [
                "darwin"
            ]
        },
        "node_modules/@oxlint-tsgolint/darwin-x64": {
            "version": "0.4.0",
            "resolved": "https://registry.npmjs.org/@oxlint-tsgolint/darwin-x64/-/darwin-x64-0.4.0.tgz",
            "integrity": "sha512-6A+YBecdZhk2NJ8Dh3kRkR6htNekDmAopFkdyrtNvsHJs5qNNuwUv5RZlVMYiaQTh/Y/tZ0YWE4+cVdqPIEyxQ==",
            "cpu": [
                "x64"
            ],
            "dev": true,
            "license": "MIT",
            "optional": true,
            "os": [
                "darwin"
            ]
        },
        "node_modules/@oxlint-tsgolint/linux-arm64": {
            "version": "0.4.0",
            "resolved": "https://registry.npmjs.org/@oxlint-tsgolint/linux-arm64/-/linux-arm64-0.4.0.tgz",
            "integrity": "sha512-JaX8JfQnY3UwX7l6BXIjhEaJAVeKVASELLFCdoo5+DOHgPuiiSKcxCVgTl92WPAuS0TYFXOgqOg31WXkvdi8bQ==",
            "cpu": [
                "arm64"
            ],
            "dev": true,
            "license": "MIT",
            "optional": true,
            "os": [
                "linux"
            ]
        },
        "node_modules/@oxlint-tsgolint/linux-x64": {
            "version": "0.4.0",
            "resolved": "https://registry.npmjs.org/@oxlint-tsgolint/linux-x64/-/linux-x64-0.4.0.tgz",
            "integrity": "sha512-iu106lxV1O64O4vK2eRoIuY2iHuil/hyDNKLRNVaTg1un+yoxN6/C5uxrJix/EJ+1O27P9c+sXmMplcmbXujtg==",
            "cpu": [
                "x64"
            ],
            "dev": true,
            "license": "MIT",
            "optional": true,
            "os": [
                "linux"
            ]
        },
        "node_modules/@oxlint-tsgolint/win32-arm64": {
            "version": "0.4.0",
            "resolved": "https://registry.npmjs.org/@oxlint-tsgolint/win32-arm64/-/win32-arm64-0.4.0.tgz",
            "integrity": "sha512-KTp9EzkTCGAh4/sL3l5a9otX63TvTs5riBcrcqu0jYS3P762rZSezzMMDc0Ld51x+I37125p9+bue2vmlH/KbQ==",
            "cpu": [
                "arm64"
            ],
            "dev": true,
            "license": "MIT",
            "optional": true,
            "os": [
                "win32"
            ]
        },
        "node_modules/@oxlint-tsgolint/win32-x64": {
            "version": "0.4.0",
            "resolved": "https://registry.npmjs.org/@oxlint-tsgolint/win32-x64/-/win32-x64-0.4.0.tgz",
            "integrity": "sha512-ioyBLHx0HA+hn5of8mhnA8W8DWQyJEHc7SBvwku0EW9bWt7zvBtWRJfx1YilvM+KVBdLVX731qeofdJT1fbJiQ==",
            "cpu": [
                "x64"
            ],
            "dev": true,
            "license": "MIT",
            "optional": true,
            "os": [
                "win32"
            ]
        },
        "node_modules/@oxlint/darwin-arm64": {
            "version": "1.25.0",
            "resolved": "https://registry.npmjs.org/@oxlint/darwin-arm64/-/darwin-arm64-1.25.0.tgz",
            "integrity": "sha512-OLx4XyUv5SO7k8y5FzJIoTKan+iKK53T1Ws8fBIl4zblUIWI66ZIqSVG2A2rxOBA7XfINqCz8UipGzOW9yzKcg==",
            "cpu": [
                "arm64"
            ],
            "dev": true,
            "license": "MIT",
            "optional": true,
            "os": [
                "darwin"
            ]
        },
        "node_modules/@oxlint/darwin-x64": {
            "version": "1.25.0",
            "resolved": "https://registry.npmjs.org/@oxlint/darwin-x64/-/darwin-x64-1.25.0.tgz",
            "integrity": "sha512-srndNPiliA0rchYKqYfOdqA9kqyVQ6YChK3XJe9Lxo/YG8tTJ5K65g2A5SHTT2s1Nm5DnQa5AKZH7w+7KI/m8A==",
            "cpu": [
                "x64"
            ],
            "dev": true,
            "license": "MIT",
            "optional": true,
            "os": [
                "darwin"
            ]
        },
        "node_modules/@oxlint/linux-arm64-gnu": {
            "version": "1.25.0",
            "resolved": "https://registry.npmjs.org/@oxlint/linux-arm64-gnu/-/linux-arm64-gnu-1.25.0.tgz",
            "integrity": "sha512-W9+DnHDbygprpGV586BolwWES+o2raOcSJv404nOFPQjWZ09efG24nuXrg/fpyoMQb4YoW2W1fvlnyMVU+ADcw==",
            "cpu": [
                "arm64"
            ],
            "dev": true,
            "license": "MIT",
            "optional": true,
            "os": [
                "linux"
            ]
        },
        "node_modules/@oxlint/linux-arm64-musl": {
            "version": "1.25.0",
            "resolved": "https://registry.npmjs.org/@oxlint/linux-arm64-musl/-/linux-arm64-musl-1.25.0.tgz",
            "integrity": "sha512-1tIMpQhKlItm7uKzs3lluG7KorZR5ItoNKd1iFYF/IPmZ+i0/iuZ7MVWXRjBcgQMhMYSdfZpSVEdFKcFz2HDxA==",
            "cpu": [
                "arm64"
            ],
            "dev": true,
            "license": "MIT",
            "optional": true,
            "os": [
                "linux"
            ]
        },
        "node_modules/@oxlint/linux-x64-gnu": {
            "version": "1.25.0",
            "resolved": "https://registry.npmjs.org/@oxlint/linux-x64-gnu/-/linux-x64-gnu-1.25.0.tgz",
            "integrity": "sha512-xVkmk/zkIulc5o0OUWY04DyBfKotnq9+60O9I5c0DpdKAELVLhZkLmct0apx3jAX6Z/3yYPzhc6Lw1Ia3jU3VQ==",
            "cpu": [
                "x64"
            ],
            "dev": true,
            "license": "MIT",
            "optional": true,
            "os": [
                "linux"
            ]
        },
        "node_modules/@oxlint/linux-x64-musl": {
            "version": "1.25.0",
            "resolved": "https://registry.npmjs.org/@oxlint/linux-x64-musl/-/linux-x64-musl-1.25.0.tgz",
            "integrity": "sha512-IeO10dZosJV58YzN0gckhRYac+FM9s5VCKUx2ghgbKR91z/bpSRcRl8Sy5cWTkcVwu3ZTikhK8aXC6j7XIqKNw==",
            "cpu": [
                "x64"
            ],
            "dev": true,
            "license": "MIT",
            "optional": true,
            "os": [
                "linux"
            ]
        },
        "node_modules/@oxlint/win32-arm64": {
            "version": "1.25.0",
            "resolved": "https://registry.npmjs.org/@oxlint/win32-arm64/-/win32-arm64-1.25.0.tgz",
            "integrity": "sha512-mpdiXZm2oNuSQAbTEPRDuSeR6v1DCD7Cl/xouR2ggHZu3AKZ4XYmm29hyrzIxrYVoQ/5j+182TGdOpGYn9xQJg==",
            "cpu": [
                "arm64"
            ],
            "dev": true,
            "license": "MIT",
            "optional": true,
            "os": [
                "win32"
            ]
        },
        "node_modules/@oxlint/win32-x64": {
            "version": "1.25.0",
            "resolved": "https://registry.npmjs.org/@oxlint/win32-x64/-/win32-x64-1.25.0.tgz",
            "integrity": "sha512-opoIACOkcFloWQO6dubBLbcWwW52ML8+3deFdr0WE0PeM9UXdLB0jRMuLsEnplmBoy9TRvmxDJ+Pw8xc2PsOfQ==",
            "cpu": [
                "x64"
            ],
            "dev": true,
            "license": "MIT",
            "optional": true,
            "os": [
                "win32"
            ]
        },
        "node_modules/@types/node": {
            "version": "24.10.0",
            "resolved": "https://registry.npmjs.org/@types/node/-/node-24.10.0.tgz",
            "integrity": "sha512-qzQZRBqkFsYyaSWXuEHc2WR9c0a0CXwiE5FWUvn7ZM+vdy1uZLfCunD38UzhuB7YN/J11ndbDBcTmOdxJo9Q7A==",
            "dev": true,
            "license": "MIT",
            "dependencies": {
                "undici-types": "~7.16.0"
            }
        },
        "node_modules/ajv": {
            "version": "8.17.1",
            "resolved": "https://registry.npmjs.org/ajv/-/ajv-8.17.1.tgz",
            "integrity": "sha512-B/gBuNg5SiMTrPkC+A2+cW0RszwxYmn6VYxB/inlBStS5nx6xHIt/ehKRhIMhqusl7a8LjQoZnjCs5vhwxOQ1g==",
            "dev": true,
            "license": "MIT",
            "dependencies": {
                "fast-deep-equal": "^3.1.3",
                "fast-uri": "^3.0.1",
                "json-schema-traverse": "^1.0.0",
                "require-from-string": "^2.0.2"
            },
            "funding": {
                "type": "github",
                "url": "https://github.com/sponsors/epoberezkin"
            }
        },
        "node_modules/fast-deep-equal": {
            "version": "3.1.3",
            "resolved": "https://registry.npmjs.org/fast-deep-equal/-/fast-deep-equal-3.1.3.tgz",
            "integrity": "sha512-f3qQ9oQy9j2AhBe/H9VC91wLmKBCCU/gDOnKNAYG5hswO7BLKj09Hc5HYNz9cGI++xlpDCIgDaitVs03ATR84Q==",
            "dev": true,
            "license": "MIT"
        },
        "node_modules/fast-uri": {
            "version": "3.1.0",
            "resolved": "https://registry.npmjs.org/fast-uri/-/fast-uri-3.1.0.tgz",
            "integrity": "sha512-iPeeDKJSWf4IEOasVVrknXpaBV0IApz/gp7S2bb7Z4Lljbl2MGJRqInZiUrQwV16cpzw/D3S5j5Julj/gT52AA==",
            "dev": true,
            "funding": [
                {
                    "type": "github",
                    "url": "https://github.com/sponsors/fastify"
                },
                {
                    "type": "opencollective",
                    "url": "https://opencollective.com/fastify"
                }
            ],
            "license": "BSD-3-Clause"
        },
        "node_modules/json-schema-traverse": {
            "version": "1.0.0",
            "resolved": "https://registry.npmjs.org/json-schema-traverse/-/json-schema-traverse-1.0.0.tgz",
            "integrity": "sha512-NM8/P9n3XjXhIZn1lLhkFaACTOURQXjWhV4BA/RnOv8xvgqtqpAX9IO4mRQxSx1Rlo4tqzeqb0sOlruaOy3dug==",
            "dev": true,
            "license": "MIT"
        },
        "node_modules/json-with-bigint": {
            "version": "3.4.4",
            "resolved": "https://registry.npmjs.org/json-with-bigint/-/json-with-bigint-3.4.4.tgz",
            "integrity": "sha512-AhpYAAaZsPjU7smaBomDt1SOQshi9rEm6BlTbfVwsG1vNmeHKtEedJi62sHZzJTyKNtwzmNnrsd55kjwJ7054A==",
            "dev": true,
            "license": "MIT"
        },
        "node_modules/oxlint": {
            "version": "1.25.0",
            "resolved": "https://registry.npmjs.org/oxlint/-/oxlint-1.25.0.tgz",
            "integrity": "sha512-O6iJ9xeuy9eQCi8/EghvsNO6lzSaUPs0FR1uLy51Exp3RkVpjvJKyPPhd9qv65KLnfG/BNd2HE/rH0NbEfVVzA==",
            "dev": true,
            "license": "MIT",
            "bin": {
                "oxc_language_server": "bin/oxc_language_server",
                "oxlint": "bin/oxlint"
            },
            "engines": {
                "node": "^20.19.0 || >=22.12.0"
            },
            "funding": {
                "url": "https://github.com/sponsors/Boshen"
            },
            "optionalDependencies": {
                "@oxlint/darwin-arm64": "1.25.0",
                "@oxlint/darwin-x64": "1.25.0",
                "@oxlint/linux-arm64-gnu": "1.25.0",
                "@oxlint/linux-arm64-musl": "1.25.0",
                "@oxlint/linux-x64-gnu": "1.25.0",
                "@oxlint/linux-x64-musl": "1.25.0",
                "@oxlint/win32-arm64": "1.25.0",
                "@oxlint/win32-x64": "1.25.0"
            },
            "peerDependencies": {
                "oxlint-tsgolint": ">=0.4.0"
            },
            "peerDependenciesMeta": {
                "oxlint-tsgolint": {
                    "optional": true
                }
            }
        },
        "node_modules/oxlint-tsgolint": {
            "version": "0.4.0",
            "resolved": "https://registry.npmjs.org/oxlint-tsgolint/-/oxlint-tsgolint-0.4.0.tgz",
            "integrity": "sha512-RpvLxPvSt0Xzr3frTiw5rP6HUW0djZ2uNdzHc8Pv556sbTnFWXmLdK8FRqqy7vVXZTkoVSdY3PsvOsVAqGjc+Q==",
            "dev": true,
            "license": "MIT",
            "peer": true,
            "bin": {
                "tsgolint": "bin/tsgolint.js"
            },
            "optionalDependencies": {
                "@oxlint-tsgolint/darwin-arm64": "0.4.0",
                "@oxlint-tsgolint/darwin-x64": "0.4.0",
                "@oxlint-tsgolint/linux-arm64": "0.4.0",
                "@oxlint-tsgolint/linux-x64": "0.4.0",
                "@oxlint-tsgolint/win32-arm64": "0.4.0",
                "@oxlint-tsgolint/win32-x64": "0.4.0"
            }
        },
        "node_modules/require-from-string": {
            "version": "2.0.2",
            "resolved": "https://registry.npmjs.org/require-from-string/-/require-from-string-2.0.2.tgz",
            "integrity": "sha512-Xf0nWe6RseziFMu+Ap9biiUbmplq6S9/p+7w7YXP/JBHhrUDDUhwa+vANyubuqfZWTveU//DYVGsDG7RKL/vEw==",
            "dev": true,
            "license": "MIT",
            "engines": {
                "node": ">=0.10.0"
            }
        },
        "node_modules/typescript": {
            "version": "5.9.3",
            "resolved": "https://registry.npmjs.org/typescript/-/typescript-5.9.3.tgz",
            "integrity": "sha512-jl1vZzPDinLr9eUt3J/t7V6FgNEw9QjvBPdysz9KfQDD41fQrC2Y4vKQdiaUpFT4bXlb1RHhLpp8wtm6M5TgSw==",
            "dev": true,
            "license": "Apache-2.0",
            "bin": {
                "tsc": "bin/tsc",
                "tsserver": "bin/tsserver"
            },
            "engines": {
                "node": ">=14.17"
            }
        },
        "node_modules/undici-types": {
            "version": "7.16.0",
            "resolved": "https://registry.npmjs.org/undici-types/-/undici-types-7.16.0.tgz",
            "integrity": "sha512-Zz+aZWSj8LE6zoxD+xrjh4VfkIG8Ya6LvYkZqtUQGJPZjYl53ypCaUwWqo7eI0x66KBGeRo+mlBEkMSeSZ38Nw==",
            "dev": true,
            "license": "MIT"
        }
    }
}
