{
    "name": "@kayahr/ed-journal",
    "version": "3.8.0",
    "lockfileVersion": 3,
    "requires": true,
    "packages": {
        "": {
            "name": "@kayahr/ed-journal",
            "version": "3.8.0",
            "license": "MIT",
            "devDependencies": {
                "@kayahr/assert": "1.4.0",
                "@kayahr/cspell": "9.3.2-bundle.1",
                "@kayahr/npm-utils": "1.1.1",
                "@kayahr/ntest": "1.3.0",
                "@kayahr/oxlint-config": "1.13.0",
                "@kayahr/ts-json-schema-generator": "2.4.0-bundle.2",
                "@kayahr/typedoc": "0.28.14-bundle.3",
                "@types/node": "24.10.1",
                "ajv": "8.17.1",
                "json-with-bigint": "3.4.4",
                "typescript": "5.9.3"
            },
            "funding": {
                "url": "https://github.com/kayahr/ed-journal?sponsor=1"
            }
        },
        "node_modules/@kayahr/assert": {
            "version": "1.4.0",
            "resolved": "https://registry.npmjs.org/@kayahr/assert/-/assert-1.4.0.tgz",
            "integrity": "sha512-WZlpQ34uHxNdAXAAH7SooOpxllMHfxP4e07RJMhVQ7jDbQdj0HLYoOd/mcjy3DF1PEKI0Ou6+jg9FT8oTKOH/g==",
            "dev": true,
            "license": "MIT",
            "funding": {
                "url": "https://github.com/kayahr/assert?sponsor=1"
            }
        },
        "node_modules/@kayahr/cspell": {
            "version": "9.3.2-bundle.1",
            "resolved": "https://registry.npmjs.org/@kayahr/cspell/-/cspell-9.3.2-bundle.1.tgz",
            "integrity": "sha512-+JeG1afeuSA0Jf8LTDJVM1fejfdfas6c8JCGSJl/9q4Mzavb/SL/4wj5nEtn5G7oR55S/lBzlgbSjpESxKbVmw==",
            "dev": true,
            "license": "MIT",
            "bin": {
                "cspell": "lib/cspell.js"
            },
            "funding": {
                "url": "https://github.com/kayahr/cspell?sponsor=1"
            }
        },
        "node_modules/@kayahr/npm-utils": {
            "version": "1.1.1",
            "resolved": "https://registry.npmjs.org/@kayahr/npm-utils/-/npm-utils-1.1.1.tgz",
            "integrity": "sha512-7cSe8zhgYsMcolrlmRGpAXO/FkpaIl6fEsdgXKt2OA1ozxByjdPSrjFDMsI3zOaPM0wWulYmlIKhFKVzlW0z4g==",
            "dev": true,
            "license": "MIT",
            "bin": {
                "cp": "lib/main/cp.js",
                "rm": "lib/main/rm.js",
                "run": "lib/main/run.js"
            },
            "engines": {
                "node": ">=22.18.0"
            },
            "funding": {
                "url": "https://github.com/kayahr/npm-utils?sponsor=1"
            }
        },
        "node_modules/@kayahr/ntest": {
            "version": "1.3.0",
            "resolved": "https://registry.npmjs.org/@kayahr/ntest/-/ntest-1.3.0.tgz",
            "integrity": "sha512-75QPbxtyugisGCFSeDbLuPaijUMDoyqtcPQapZuWb/l+hzVEHJvhDWZVVvLNv5i2JTDYE4AF84MmF5qXTbwslg==",
            "dev": true,
            "license": "MIT",
            "bin": {
                "ntest": "lib/main/ntest.js"
            },
            "engines": {
                "node": ">=22.18.0"
            },
            "funding": {
                "url": "https://github.com/kayahr/ntest?sponsor=1"
            }
        },
        "node_modules/@kayahr/oxlint-config": {
            "version": "1.13.0",
            "resolved": "https://registry.npmjs.org/@kayahr/oxlint-config/-/oxlint-config-1.13.0.tgz",
            "integrity": "sha512-g9d+2WqX9bT1MPCdXalRoof3MmOXkOT6OuGJCqIpEyFvuUTlyoyJkILM/Zf8oMgc+gNrXpasDbr1tsm6YZIZdQ==",
            "dev": true,
            "license": "MIT",
            "dependencies": {
                "oxlint": "^1.30.0",
                "oxlint-tsgolint": "^0.8.3"
            },
            "funding": {
                "url": "https://github.com/kayahr/oxlint-config?sponsor=1"
            }
        },
        "node_modules/@kayahr/ts-json-schema-generator": {
            "version": "2.4.0-bundle.2",
            "resolved": "https://registry.npmjs.org/@kayahr/ts-json-schema-generator/-/ts-json-schema-generator-2.4.0-bundle.2.tgz",
            "integrity": "sha512-CSILO4uNiuEsMefYQX8jRX9igEPMQN409a7Kz1M2zjOPVwN/GcuKg/98M3J5BHsb/3MNVrBM3v8cT9lpumpMwg==",
            "dev": true,
            "license": "MIT",
            "dependencies": {
                "typescript": "^5.9.3"
            },
            "bin": {
                "ts-json-schema-generator": "lib/ts-json-schema-generator.mjs"
            },
            "funding": {
                "url": "https://github.com/kayahr/ts-json-schema-generator?sponsor=1"
            }
        },
        "node_modules/@kayahr/typedoc": {
            "version": "0.28.14-bundle.3",
            "resolved": "https://registry.npmjs.org/@kayahr/typedoc/-/typedoc-0.28.14-bundle.3.tgz",
            "integrity": "sha512-Kpq7/Vl7TvrriyM/Rf2JRakNEm7aVGaA7qJLLiUHIvXuUsKK0V/pcIxn5tDjPssBwenuAr06YJCccEhLsKh9wQ==",
            "dev": true,
            "license": "MIT",
            "bin": {
                "typedoc": "lib/bin/cli.js"
            },
            "funding": {
                "url": "https://github.com/kayahr/typedoc?sponsor=1"
            }
        },
        "node_modules/@oxlint-tsgolint/darwin-arm64": {
            "version": "0.8.3",
            "resolved": "https://registry.npmjs.org/@oxlint-tsgolint/darwin-arm64/-/darwin-arm64-0.8.3.tgz",
            "integrity": "sha512-BhCcCtddJyQL1fvkGmQqqLfZzJg3vRHMHz0x06juPJupo/3HQOEz46iUXlfLiW1SbcwiRSzxWRGLXM3TiVxNPg==",
            "cpu": [
                "arm64"
            ],
            "dev": true,
            "license": "MIT",
            "optional": true,
            "os": [
                "darwin"
            ]
        },
        "node_modules/@oxlint-tsgolint/darwin-x64": {
            "version": "0.8.3",
            "resolved": "https://registry.npmjs.org/@oxlint-tsgolint/darwin-x64/-/darwin-x64-0.8.3.tgz",
            "integrity": "sha512-PqA/jb+zdR31fLvQnQ1TRm/pDEmYhPUn504+UxBu8EfuYWxDeRXr7E34PphJpYwE+RlqKLfthbuYVbVaGjx6yw==",
            "cpu": [
                "x64"
            ],
            "dev": true,
            "license": "MIT",
            "optional": true,
            "os": [
                "darwin"
            ]
        },
        "node_modules/@oxlint-tsgolint/linux-arm64": {
            "version": "0.8.3",
            "resolved": "https://registry.npmjs.org/@oxlint-tsgolint/linux-arm64/-/linux-arm64-0.8.3.tgz",
            "integrity": "sha512-Dk62XzusCxnnEG82AB10LWpGq2ikdsjk9r0C9k5u8SUGfbXDID27Jbo9NCG0/ob+uG/SGdJKGAuY9rVYXO0/Mg==",
            "cpu": [
                "arm64"
            ],
            "dev": true,
            "license": "MIT",
            "optional": true,
            "os": [
                "linux"
            ]
        },
        "node_modules/@oxlint-tsgolint/linux-x64": {
            "version": "0.8.3",
            "resolved": "https://registry.npmjs.org/@oxlint-tsgolint/linux-x64/-/linux-x64-0.8.3.tgz",
            "integrity": "sha512-yKNhHL1r2Xl59Av8UmE0ZeA89SojTyK/ByNleFhGFhLzIvEGJHFbC7jMGHMokfnrh73tR83g8KHNEz6iP8Iw/w==",
            "cpu": [
                "x64"
            ],
            "dev": true,
            "license": "MIT",
            "optional": true,
            "os": [
                "linux"
            ]
        },
        "node_modules/@oxlint-tsgolint/win32-arm64": {
            "version": "0.8.3",
            "resolved": "https://registry.npmjs.org/@oxlint-tsgolint/win32-arm64/-/win32-arm64-0.8.3.tgz",
            "integrity": "sha512-UC2oUZ2MtaJ7jWP0kHtzx4Rkw+nTykGtncv72xKphFooKJWXi4MSQuVQ7RTsbmZa4poPYkYW1vaQayQU8Q586Q==",
            "cpu": [
                "arm64"
            ],
            "dev": true,
            "license": "MIT",
            "optional": true,
            "os": [
                "win32"
            ]
        },
        "node_modules/@oxlint-tsgolint/win32-x64": {
            "version": "0.8.3",
            "resolved": "https://registry.npmjs.org/@oxlint-tsgolint/win32-x64/-/win32-x64-0.8.3.tgz",
            "integrity": "sha512-EACSsZjLe7l8VYXIGZGuqrJMIZymE/zDsmaQRy1MXeuWqg4F89zKh7b7KTBCiOLpkapkHiVWGCPqkoVZ2Lyvnw==",
            "cpu": [
                "x64"
            ],
            "dev": true,
            "license": "MIT",
            "optional": true,
            "os": [
                "win32"
            ]
        },
        "node_modules/@oxlint/darwin-arm64": {
            "version": "1.30.0",
            "resolved": "https://registry.npmjs.org/@oxlint/darwin-arm64/-/darwin-arm64-1.30.0.tgz",
            "integrity": "sha512-vIiTk1FBObXHvaG3WK/SpwCZP06fuHhSrn8mK2hEs2uSFWG63WgvLAHSGhI4U1X29JGf36zhfUzuKirDIVdKBQ==",
            "cpu": [
                "arm64"
            ],
            "dev": true,
            "license": "MIT",
            "optional": true,
            "os": [
                "darwin"
            ]
        },
        "node_modules/@oxlint/darwin-x64": {
            "version": "1.30.0",
            "resolved": "https://registry.npmjs.org/@oxlint/darwin-x64/-/darwin-x64-1.30.0.tgz",
            "integrity": "sha512-DP4ueul8Vza52gJX1/+jyXQjUsgjmPe4Pq5uYOVa8k2V8cKRb2JzBls+DugbeP7yzKNTmlSp3J2mUnHQXuntLA==",
            "cpu": [
                "x64"
            ],
            "dev": true,
            "license": "MIT",
            "optional": true,
            "os": [
                "darwin"
            ]
        },
        "node_modules/@oxlint/linux-arm64-gnu": {
            "version": "1.30.0",
            "resolved": "https://registry.npmjs.org/@oxlint/linux-arm64-gnu/-/linux-arm64-gnu-1.30.0.tgz",
            "integrity": "sha512-1e9NvTvjzG6t1tnUzNU9HZTVwNwhZw2BDQxwIsXV743g54BIkvyZNNXOEGic/Jw4IuIXHzpX3ztVWZaSzvDopg==",
            "cpu": [
                "arm64"
            ],
            "dev": true,
            "license": "MIT",
            "optional": true,
            "os": [
                "linux"
            ]
        },
        "node_modules/@oxlint/linux-arm64-musl": {
            "version": "1.30.0",
            "resolved": "https://registry.npmjs.org/@oxlint/linux-arm64-musl/-/linux-arm64-musl-1.30.0.tgz",
            "integrity": "sha512-szb5RB8Tbk756/z/GAdmUn+H1E2815BbcM7s6JZYQgyCJxR0RCL1yFXgKyz3BjIDqzR98Tw8H3g4TeJbN2etAg==",
            "cpu": [
                "arm64"
            ],
            "dev": true,
            "license": "MIT",
            "optional": true,
            "os": [
                "linux"
            ]
        },
        "node_modules/@oxlint/linux-x64-gnu": {
            "version": "1.30.0",
            "resolved": "https://registry.npmjs.org/@oxlint/linux-x64-gnu/-/linux-x64-gnu-1.30.0.tgz",
            "integrity": "sha512-yOWGu4a82yA8xLusaznW41IF5ZkvBNz/U++M2/tCYAQUoJKSfJuAS5AhApRMKZLKeX0Vmdagh0YwvC+e98QG0w==",
            "cpu": [
                "x64"
            ],
            "dev": true,
            "license": "MIT",
            "optional": true,
            "os": [
                "linux"
            ]
        },
        "node_modules/@oxlint/linux-x64-musl": {
            "version": "1.30.0",
            "resolved": "https://registry.npmjs.org/@oxlint/linux-x64-musl/-/linux-x64-musl-1.30.0.tgz",
            "integrity": "sha512-qL1902VF4EMTZTZdJEIzzUQ+UD0IbH+IW6dhYZXbP9nTXJnItW1fk4cyJq5zfUVu1IoVwKK2FP1jUMqEsBlWTw==",
            "cpu": [
                "x64"
            ],
            "dev": true,
            "license": "MIT",
            "optional": true,
            "os": [
                "linux"
            ]
        },
        "node_modules/@oxlint/win32-arm64": {
            "version": "1.30.0",
            "resolved": "https://registry.npmjs.org/@oxlint/win32-arm64/-/win32-arm64-1.30.0.tgz",
            "integrity": "sha512-QK6C1djHKI7g1l5g6W9vkz9sd+sn1QJe6PbaV2sWFjVVoT0tO6LWygVWaci09ZHYVJ+lnCbbaFEgZ9jQhIs05A==",
            "cpu": [
                "arm64"
            ],
            "dev": true,
            "license": "MIT",
            "optional": true,
            "os": [
                "win32"
            ]
        },
        "node_modules/@oxlint/win32-x64": {
            "version": "1.30.0",
            "resolved": "https://registry.npmjs.org/@oxlint/win32-x64/-/win32-x64-1.30.0.tgz",
            "integrity": "sha512-tbPnJIBUKke9KpceV+DpGyfN3LdhGaEPJHSuD4/mUEwP9Kk6IKSoDNih681RVGhgvaEZg3uHmQr6n9Uh0P3Yrg==",
            "cpu": [
                "x64"
            ],
            "dev": true,
            "license": "MIT",
            "optional": true,
            "os": [
                "win32"
            ]
        },
        "node_modules/@types/node": {
            "version": "24.10.1",
            "resolved": "https://registry.npmjs.org/@types/node/-/node-24.10.1.tgz",
            "integrity": "sha512-GNWcUTRBgIRJD5zj+Tq0fKOJ5XZajIiBroOF0yvj2bSU1WvNdYS/dn9UxwsujGW4JX06dnHyjV2y9rRaybH0iQ==",
            "dev": true,
            "license": "MIT",
            "dependencies": {
                "undici-types": "~7.16.0"
            }
        },
        "node_modules/ajv": {
            "version": "8.17.1",
            "resolved": "https://registry.npmjs.org/ajv/-/ajv-8.17.1.tgz",
            "integrity": "sha512-B/gBuNg5SiMTrPkC+A2+cW0RszwxYmn6VYxB/inlBStS5nx6xHIt/ehKRhIMhqusl7a8LjQoZnjCs5vhwxOQ1g==",
            "dev": true,
            "license": "MIT",
            "dependencies": {
                "fast-deep-equal": "^3.1.3",
                "fast-uri": "^3.0.1",
                "json-schema-traverse": "^1.0.0",
                "require-from-string": "^2.0.2"
            },
            "funding": {
                "type": "github",
                "url": "https://github.com/sponsors/epoberezkin"
            }
        },
        "node_modules/fast-deep-equal": {
            "version": "3.1.3",
            "resolved": "https://registry.npmjs.org/fast-deep-equal/-/fast-deep-equal-3.1.3.tgz",
            "integrity": "sha512-f3qQ9oQy9j2AhBe/H9VC91wLmKBCCU/gDOnKNAYG5hswO7BLKj09Hc5HYNz9cGI++xlpDCIgDaitVs03ATR84Q==",
            "dev": true,
            "license": "MIT"
        },
        "node_modules/fast-uri": {
            "version": "3.1.0",
            "resolved": "https://registry.npmjs.org/fast-uri/-/fast-uri-3.1.0.tgz",
            "integrity": "sha512-iPeeDKJSWf4IEOasVVrknXpaBV0IApz/gp7S2bb7Z4Lljbl2MGJRqInZiUrQwV16cpzw/D3S5j5Julj/gT52AA==",
            "dev": true,
            "funding": [
                {
                    "type": "github",
                    "url": "https://github.com/sponsors/fastify"
                },
                {
                    "type": "opencollective",
                    "url": "https://opencollective.com/fastify"
                }
            ],
            "license": "BSD-3-Clause"
        },
        "node_modules/json-schema-traverse": {
            "version": "1.0.0",
            "resolved": "https://registry.npmjs.org/json-schema-traverse/-/json-schema-traverse-1.0.0.tgz",
            "integrity": "sha512-NM8/P9n3XjXhIZn1lLhkFaACTOURQXjWhV4BA/RnOv8xvgqtqpAX9IO4mRQxSx1Rlo4tqzeqb0sOlruaOy3dug==",
            "dev": true,
            "license": "MIT"
        },
        "node_modules/json-with-bigint": {
            "version": "3.4.4",
            "resolved": "https://registry.npmjs.org/json-with-bigint/-/json-with-bigint-3.4.4.tgz",
            "integrity": "sha512-AhpYAAaZsPjU7smaBomDt1SOQshi9rEm6BlTbfVwsG1vNmeHKtEedJi62sHZzJTyKNtwzmNnrsd55kjwJ7054A==",
            "dev": true,
            "license": "MIT"
        },
        "node_modules/oxlint": {
            "version": "1.30.0",
            "resolved": "https://registry.npmjs.org/oxlint/-/oxlint-1.30.0.tgz",
            "integrity": "sha512-6Mcpj7Gn26QNRUpue9kRZKQg623mH10kLPl597sNCOfXeUZHTglrc2O54eskHMRA+tR7c0u73nW4GPwSFePLkA==",
            "dev": true,
            "license": "MIT",
            "bin": {
                "oxc_language_server": "bin/oxc_language_server",
                "oxlint": "bin/oxlint"
            },
            "engines": {
                "node": "^20.19.0 || >=22.12.0"
            },
            "funding": {
                "url": "https://github.com/sponsors/Boshen"
            },
            "optionalDependencies": {
                "@oxlint/darwin-arm64": "1.30.0",
                "@oxlint/darwin-x64": "1.30.0",
                "@oxlint/linux-arm64-gnu": "1.30.0",
                "@oxlint/linux-arm64-musl": "1.30.0",
                "@oxlint/linux-x64-gnu": "1.30.0",
                "@oxlint/linux-x64-musl": "1.30.0",
                "@oxlint/win32-arm64": "1.30.0",
                "@oxlint/win32-x64": "1.30.0"
            },
            "peerDependencies": {
                "oxlint-tsgolint": ">=0.8.1"
            },
            "peerDependenciesMeta": {
                "oxlint-tsgolint": {
                    "optional": true
                }
            }
        },
        "node_modules/oxlint-tsgolint": {
            "version": "0.8.3",
            "resolved": "https://registry.npmjs.org/oxlint-tsgolint/-/oxlint-tsgolint-0.8.3.tgz",
            "integrity": "sha512-R/pqgXPC4DRQyrODa5xyqiHZNiCcX+R96Bu3qsAMkeSJOKarL8wEszNVNlR+bx8gbWYjPDFuRnlYionTHNjFPA==",
            "dev": true,
            "license": "MIT",
            "bin": {
                "tsgolint": "bin/tsgolint.js"
            },
            "optionalDependencies": {
                "@oxlint-tsgolint/darwin-arm64": "0.8.3",
                "@oxlint-tsgolint/darwin-x64": "0.8.3",
                "@oxlint-tsgolint/linux-arm64": "0.8.3",
                "@oxlint-tsgolint/linux-x64": "0.8.3",
                "@oxlint-tsgolint/win32-arm64": "0.8.3",
                "@oxlint-tsgolint/win32-x64": "0.8.3"
            }
        },
        "node_modules/require-from-string": {
            "version": "2.0.2",
            "resolved": "https://registry.npmjs.org/require-from-string/-/require-from-string-2.0.2.tgz",
            "integrity": "sha512-Xf0nWe6RseziFMu+Ap9biiUbmplq6S9/p+7w7YXP/JBHhrUDDUhwa+vANyubuqfZWTveU//DYVGsDG7RKL/vEw==",
            "dev": true,
            "license": "MIT",
            "engines": {
                "node": ">=0.10.0"
            }
        },
        "node_modules/typescript": {
            "version": "5.9.3",
            "resolved": "https://registry.npmjs.org/typescript/-/typescript-5.9.3.tgz",
            "integrity": "sha512-jl1vZzPDinLr9eUt3J/t7V6FgNEw9QjvBPdysz9KfQDD41fQrC2Y4vKQdiaUpFT4bXlb1RHhLpp8wtm6M5TgSw==",
            "dev": true,
            "license": "Apache-2.0",
            "bin": {
                "tsc": "bin/tsc",
                "tsserver": "bin/tsserver"
            },
            "engines": {
                "node": ">=14.17"
            }
        },
        "node_modules/undici-types": {
            "version": "7.16.0",
            "resolved": "https://registry.npmjs.org/undici-types/-/undici-types-7.16.0.tgz",
            "integrity": "sha512-Zz+aZWSj8LE6zoxD+xrjh4VfkIG8Ya6LvYkZqtUQGJPZjYl53ypCaUwWqo7eI0x66KBGeRo+mlBEkMSeSZ38Nw==",
            "dev": true,
            "license": "MIT"
        }
    }
}
